
Microsoft Visual Studio Solution File, Format Version 12.00
Project("{FAE04EC0-301F-11D3-BF4B-00C04F79EFBC}") = "Devocean.Core", "Devocean.Core\Devocean.Core.csproj", "{3CCD386E-B2CF-486A-8F3C-98CE9A1AE726}"
EndProject
Project("{FAE04EC0-301F-11D3-BF4B-00C04F79EFBC}") = "Devocean.Tests", "Devocean.Tests\Devocean.Tests.csproj", "{8B00EBC9-D5FA-4E00-B5A6-EB21652F2A1A}"
EndProject
Project("{FAE04EC0-301F-11D3-BF4B-00C04F79EFBC}") = "Devocean.Aws", "Devocean.Aws\Devocean.Aws.csproj", "{1DF797FD-9DE0-4B14-83CC-C437410F237E}"
EndProject
Project("{FAE04EC0-301F-11D3-BF4B-00C04F79EFBC}") = "DevoceanExample.WebApi", "DevoceanExample.WebApi\DevoceanExample.WebApi.csproj", "{E9B47386-2740-4A94-8B01-7C630EA48732}"
EndProject
Project("{FAE04EC0-301F-11D3-BF4B-00C04F79EFBC}") = "DevoceanExample.WebApi.Tests", "DevoceanExample.WebApi.Tests\DevoceanExample.WebApi.Tests.csproj", "{84C3EF52-CBC1-4EC6-909D-E32A691B6310}"
EndProject
Global
	GlobalSection(SolutionConfigurationPlatforms) = preSolution
		Debug|Any CPU = Debug|Any CPU
		Release|Any CPU = Release|Any CPU
	EndGlobalSection
	GlobalSection(ProjectConfigurationPlatforms) = postSolution
		{3CCD386E-B2CF-486A-8F3C-98CE9A1AE726}.Debug|Any CPU.ActiveCfg = Debug|Any CPU
		{3CCD386E-B2CF-486A-8F3C-98CE9A1AE726}.Debug|Any CPU.Build.0 = Debug|Any CPU
		{3CCD386E-B2CF-486A-8F3C-98CE9A1AE726}.Release|Any CPU.ActiveCfg = Release|Any CPU
		{3CCD386E-B2CF-486A-8F3C-98CE9A1AE726}.Release|Any CPU.Build.0 = Release|Any CPU
		{8B00EBC9-D5FA-4E00-B5A6-EB21652F2A1A}.Debug|Any CPU.ActiveCfg = Debug|Any CPU
		{8B00EBC9-D5FA-4E00-B5A6-EB21652F2A1A}.Debug|Any CPU.Build.0 = Debug|Any CPU
		{8B00EBC9-D5FA-4E00-B5A6-EB21652F2A1A}.Release|Any CPU.ActiveCfg = Release|Any CPU
		{8B00EBC9-D5FA-4E00-B5A6-EB21652F2A1A}.Release|Any CPU.Build.0 = Release|Any CPU
		{1DF797FD-9DE0-4B14-83CC-C437410F237E}.Debug|Any CPU.ActiveCfg = Debug|Any CPU
		{1DF797FD-9DE0-4B14-83CC-C437410F237E}.Debug|Any CPU.Build.0 = Debug|Any CPU
		{1DF797FD-9DE0-4B14-83CC-C437410F237E}.Release|Any CPU.ActiveCfg = Release|Any CPU
		{1DF797FD-9DE0-4B14-83CC-C437410F237E}.Release|Any CPU.Build.0 = Release|Any CPU
		{E9B47386-2740-4A94-8B01-7C630EA48732}.Debug|Any CPU.ActiveCfg = Debug|Any CPU
		{E9B47386-2740-4A94-8B01-7C630EA48732}.Debug|Any CPU.Build.0 = Debug|Any CPU
		{E9B47386-2740-4A94-8B01-7C630EA48732}.Release|Any CPU.ActiveCfg = Release|Any CPU
		{E9B47386-2740-4A94-8B01-7C630EA48732}.Release|Any CPU.Build.0 = Release|Any CPU
		{84C3EF52-CBC1-4EC6-909D-E32A691B6310}.Debug|Any CPU.ActiveCfg = Debug|Any CPU
		{84C3EF52-CBC1-4EC6-909D-E32A691B6310}.Debug|Any CPU.Build.0 = Debug|Any CPU
		{84C3EF52-CBC1-4EC6-909D-E32A691B6310}.Release|Any CPU.ActiveCfg = Release|Any CPU
		{84C3EF52-CBC1-4EC6-909D-E32A691B6310}.Release|Any CPU.Build.0 = Release|Any CPU
	EndGlobalSection
EndGlobal
